
Microsoft Visual Studio Solution File, Format Version 12.00
# Visual Studio Version 17
VisualStudioVersion = 17.4.33205.214
MinimumVisualStudioVersion = 10.0.40219.1
Project("{FAE04EC0-301F-11D3-BF4B-00C04F79EFBC}") = "Lab2", "Lab2.csproj", "{64251D3F-03DA-4168-8D25-E3F1814B50A9}"
EndProject
Project("{FAE04EC0-301F-11D3-BF4B-00C04F79EFBC}") = "Lab2Q2", "..\Lab2Q2\Lab2Q2.csproj", "{2C7966E4-9C06-456E-8E45-09F65715B1E1}"
EndProject
Project("{FAE04EC0-301F-11D3-BF4B-00C04F79EFBC}") = "Lab2Q3", "..\Lab2Q3\Lab2Q3.csproj", "{7582BE20-54CF-4B7F-96D4-6818030924F3}"
EndProject
Project("{FAE04EC0-301F-11D3-BF4B-00C04F79EFBC}") = "Lab2Q4", "..\Lab2Q4\Lab2Q4.csproj", "{5FF0D98D-E0DE-40CD-AAD9-90B4D86EBBF3}"
EndProject
Global
	GlobalSection(SolutionConfigurationPlatforms) = preSolution
		Debug|Any CPU = Debug|Any CPU
		Release|Any CPU = Release|Any CPU
	EndGlobalSection
	GlobalSection(ProjectConfigurationPlatforms) = postSolution
		{64251D3F-03DA-4168-8D25-E3F1814B50A9}.Debug|Any CPU.ActiveCfg = Debug|Any CPU
		{64251D3F-03DA-4168-8D25-E3F1814B50A9}.Debug|Any CPU.Build.0 = Debug|Any CPU
		{64251D3F-03DA-4168-8D25-E3F1814B50A9}.Release|Any CPU.ActiveCfg = Release|Any CPU
		{64251D3F-03DA-4168-8D25-E3F1814B50A9}.Release|Any CPU.Build.0 = Release|Any CPU
		{2C7966E4-9C06-456E-8E45-09F65715B1E1}.Debug|Any CPU.ActiveCfg = Debug|Any CPU
		{2C7966E4-9C06-456E-8E45-09F65715B1E1}.Debug|Any CPU.Build.0 = Debug|Any CPU
		{2C7966E4-9C06-456E-8E45-09F65715B1E1}.Release|Any CPU.ActiveCfg = Release|Any CPU
		{2C7966E4-9C06-456E-8E45-09F65715B1E1}.Release|Any CPU.Build.0 = Release|Any CPU
		{7582BE20-54CF-4B7F-96D4-6818030924F3}.Debug|Any CPU.ActiveCfg = Debug|Any CPU
		{7582BE20-54CF-4B7F-96D4-6818030924F3}.Debug|Any CPU.Build.0 = Debug|Any CPU
		{7582BE20-54CF-4B7F-96D4-6818030924F3}.Release|Any CPU.ActiveCfg = Release|Any CPU
		{7582BE20-54CF-4B7F-96D4-6818030924F3}.Release|Any CPU.Build.0 = Release|Any CPU
		{5FF0D98D-E0DE-40CD-AAD9-90B4D86EBBF3}.Debug|Any CPU.ActiveCfg = Debug|Any CPU
		{5FF0D98D-E0DE-40CD-AAD9-90B4D86EBBF3}.Debug|Any CPU.Build.0 = Debug|Any CPU
		{5FF0D98D-E0DE-40CD-AAD9-90B4D86EBBF3}.Release|Any CPU.ActiveCfg = Release|Any CPU
		{5FF0D98D-E0DE-40CD-AAD9-90B4D86EBBF3}.Release|Any CPU.Build.0 = Release|Any CPU
	EndGlobalSection
	GlobalSection(SolutionProperties) = preSolution
		HideSolutionNode = FALSE
	EndGlobalSection
	GlobalSection(ExtensibilityGlobals) = postSolution
		SolutionGuid = {29F4D531-3EED-47DA-B5A5-960E104DC567}
	EndGlobalSection
EndGlobal
